// !$*UTF8*$!
{
	archiveVersion = 1;
	classes = {
	};
	objectVersion = 51;
	objects = {

/* Begin PBXBuildFile section */
		2AB02141C8089E8D6B7BAF8D /* Pods_IosToDoApp.framework in Frameworks */ = {isa = PBXBuildFile; fileRef = A986D3E17403F2255FFB5924 /* Pods_IosToDoApp.framework */; };
		A11A1A7F255B99150022FE6B /* GoogleService-Info.plist in Resources */ = {isa = PBXBuildFile; fileRef = A11A1A7E255B99150022FE6B /* GoogleService-Info.plist */; };
		A11A1A82255B9C630022FE6B /* Task.swift in Sources */ = {isa = PBXBuildFile; fileRef = A11A1A81255B9C630022FE6B /* Task.swift */; };
		A11A1A86255B9D2F0022FE6B /* DatabaseManager.swift in Sources */ = {isa = PBXBuildFile; fileRef = A11A1A85255B9D2F0022FE6B /* DatabaseManager.swift */; };
		A129B3F3256332CB00AA6EBE /* DoneTaskTableViewCell.swift in Sources */ = {isa = PBXBuildFile; fileRef = A129B3F2256332CB00AA6EBE /* DoneTaskTableViewCell.swift */; };
		A129B3F6256338E800AA6EBE /* Animatable.swift in Sources */ = {isa = PBXBuildFile; fileRef = A129B3F5256338E800AA6EBE /* Animatable.swift */; };
		A129B3F925637F0F00AA6EBE /* CalendarView.swift in Sources */ = {isa = PBXBuildFile; fileRef = A129B3F825637F0F00AA6EBE /* CalendarView.swift */; };
		A168A13D2558EFFD0036A72E /* AppDelegate.swift in Sources */ = {isa = PBXBuildFile; fileRef = A168A13C2558EFFD0036A72E /* AppDelegate.swift */; };
		A168A13F2558EFFD0036A72E /* SceneDelegate.swift in Sources */ = {isa = PBXBuildFile; fileRef = A168A13E2558EFFD0036A72E /* SceneDelegate.swift */; };
		A168A1412558EFFD0036A72E /* TasksViewController.swift in Sources */ = {isa = PBXBuildFile; fileRef = A168A1402558EFFD0036A72E /* TasksViewController.swift */; };
		A168A1442558EFFD0036A72E /* Main.storyboard in Resources */ = {isa = PBXBuildFile; fileRef = A168A1422558EFFD0036A72E /* Main.storyboard */; };
		A168A1462558EFFD0036A72E /* Assets.xcassets in Resources */ = {isa = PBXBuildFile; fileRef = A168A1452558EFFD0036A72E /* Assets.xcassets */; };
		A168A1492558EFFD0036A72E /* LaunchScreen.storyboard in Resources */ = {isa = PBXBuildFile; fileRef = A168A1472558EFFD0036A72E /* LaunchScreen.storyboard */; };
		A168A1522558F0FC0036A72E /* Podfile in Resources */ = {isa = PBXBuildFile; fileRef = A168A1512558F0FC0036A72E /* Podfile */; };
		A168A16D2558F46E0036A72E /* MenuSection.swift in Sources */ = {isa = PBXBuildFile; fileRef = A168A16C2558F46E0036A72E /* MenuSection.swift */; };
		A168A1742558FA5D0036A72E /* DoneTaskTableViewCotroller.swift in Sources */ = {isa = PBXBuildFile; fileRef = A168A1732558FA5D0036A72E /* DoneTaskTableViewCotroller.swift */; };
		A168A1772558FA930036A72E /* OngoingViewController.swift in Sources */ = {isa = PBXBuildFile; fileRef = A168A1762558FA930036A72E /* OngoingViewController.swift */; };
		A16D2DAE2567662F00716A93 /* NavigationManager.swift in Sources */ = {isa = PBXBuildFile; fileRef = A16D2DAD2567662F00716A93 /* NavigationManager.swift */; };
		A16D2DB22567830100716A93 /* AuthManager.swift in Sources */ = {isa = PBXBuildFile; fileRef = A16D2DB12567830100716A93 /* AuthManager.swift */; };
		A16D2DB52567940E00716A93 /* LoadingViewController.swift in Sources */ = {isa = PBXBuildFile; fileRef = A16D2DB42567940E00716A93 /* LoadingViewController.swift */; };
		A193536F25648D960011F0CC /* CalendarViewDelegate.swift in Sources */ = {isa = PBXBuildFile; fileRef = A193536E25648D950011F0CC /* CalendarViewDelegate.swift */; };
		A193537325648F0E0011F0CC /* Extension+Date.swift in Sources */ = {isa = PBXBuildFile; fileRef = A193537225648F0E0011F0CC /* Extension+Date.swift */; };
		A19D4CB8255E073D008550D3 /* NewTaskVCDelegate.swift in Sources */ = {isa = PBXBuildFile; fileRef = A19D4CB7255E073D008550D3 /* NewTaskVCDelegate.swift */; };
		A19D4CBB255E0E62008550D3 /* OngoingTaskTableViewCell.swift in Sources */ = {isa = PBXBuildFile; fileRef = A19D4CBA255E0E62008550D3 /* OngoingTaskTableViewCell.swift */; };
		A1A57EA02559C4D3002D1F63 /* NewTaskViewController.swift in Sources */ = {isa = PBXBuildFile; fileRef = A1A57E9F2559C4D3002D1F63 /* NewTaskViewController.swift */; };
		A1FE4260256649C700FF4912 /* OnboardingViewController.swift in Sources */ = {isa = PBXBuildFile; fileRef = A1FE425F256649C700FF4912 /* OnboardingViewController.swift */; };
		A1FE426325664D8400FF4912 /* LoginViewController.swift in Sources */ = {isa = PBXBuildFile; fileRef = A1FE426225664D8400FF4912 /* LoginViewController.swift */; };
		A1FE426625664E2800FF4912 /* LoginVCDelegate.swift in Sources */ = {isa = PBXBuildFile; fileRef = A1FE426525664E2800FF4912 /* LoginVCDelegate.swift */; };
/* End PBXBuildFile section */

/* Begin PBXFileReference section */
		58A50505535F5EB6C448DE39 /* Pods-IosToDoApp.debug.xcconfig */ = {isa = PBXFileReference; includeInIndex = 1; lastKnownFileType = text.xcconfig; name = "Pods-IosToDoApp.debug.xcconfig"; path = "Target Support Files/Pods-IosToDoApp/Pods-IosToDoApp.debug.xcconfig"; sourceTree = "<group>"; };
		7C3243B7220AC7E986864D02 /* Pods-IosToDoApp.release.xcconfig */ = {isa = PBXFileReference; includeInIndex = 1; lastKnownFileType = text.xcconfig; name = "Pods-IosToDoApp.release.xcconfig"; path = "Target Support Files/Pods-IosToDoApp/Pods-IosToDoApp.release.xcconfig"; sourceTree = "<group>"; };
		A11A1A7E255B99150022FE6B /* GoogleService-Info.plist */ = {isa = PBXFileReference; fileEncoding = 4; lastKnownFileType = text.plist.xml; path = "GoogleService-Info.plist"; sourceTree = "<group>"; };
		A11A1A81255B9C630022FE6B /* Task.swift */ = {isa = PBXFileReference; lastKnownFileType = sourcecode.swift; path = Task.swift; sourceTree = "<group>"; };
		A11A1A85255B9D2F0022FE6B /* DatabaseManager.swift */ = {isa = PBXFileReference; lastKnownFileType = sourcecode.swift; path = DatabaseManager.swift; sourceTree = "<group>"; };
		A129B3F2256332CB00AA6EBE /* DoneTaskTableViewCell.swift */ = {isa = PBXFileReference; lastKnownFileType = sourcecode.swift; path = DoneTaskTableViewCell.swift; sourceTree = "<group>"; };
		A129B3F5256338E800AA6EBE /* Animatable.swift */ = {isa = PBXFileReference; lastKnownFileType = sourcecode.swift; path = Animatable.swift; sourceTree = "<group>"; };
		A129B3F825637F0F00AA6EBE /* CalendarView.swift */ = {isa = PBXFileReference; lastKnownFileType = sourcecode.swift; path = CalendarView.swift; sourceTree = "<group>"; };
		A168A1392558EFFD0036A72E /* IosToDoApp.app */ = {isa = PBXFileReference; explicitFileType = wrapper.application; includeInIndex = 0; path = IosToDoApp.app; sourceTree = BUILT_PRODUCTS_DIR; };
		A168A13C2558EFFD0036A72E /* AppDelegate.swift */ = {isa = PBXFileReference; lastKnownFileType = sourcecode.swift; path = AppDelegate.swift; sourceTree = "<group>"; };
		A168A13E2558EFFD0036A72E /* SceneDelegate.swift */ = {isa = PBXFileReference; lastKnownFileType = sourcecode.swift; path = SceneDelegate.swift; sourceTree = "<group>"; };
		A168A1402558EFFD0036A72E /* TasksViewController.swift */ = {isa = PBXFileReference; lastKnownFileType = sourcecode.swift; path = TasksViewController.swift; sourceTree = "<group>"; };
		A168A1432558EFFD0036A72E /* Base */ = {isa = PBXFileReference; lastKnownFileType = file.storyboard; name = Base; path = Base.lproj/Main.storyboard; sourceTree = "<group>"; };
		A168A1452558EFFD0036A72E /* Assets.xcassets */ = {isa = PBXFileReference; lastKnownFileType = folder.assetcatalog; path = Assets.xcassets; sourceTree = "<group>"; };
		A168A1482558EFFD0036A72E /* Base */ = {isa = PBXFileReference; lastKnownFileType = file.storyboard; name = Base; path = Base.lproj/LaunchScreen.storyboard; sourceTree = "<group>"; };
		A168A14A2558EFFE0036A72E /* Info.plist */ = {isa = PBXFileReference; lastKnownFileType = text.plist.xml; path = Info.plist; sourceTree = "<group>"; };
		A168A1512558F0FC0036A72E /* Podfile */ = {isa = PBXFileReference; fileEncoding = 4; lastKnownFileType = text; path = Podfile; sourceTree = "<group>"; xcLanguageSpecificationIdentifier = xcode.lang.ruby; };
		A168A16C2558F46E0036A72E /* MenuSection.swift */ = {isa = PBXFileReference; lastKnownFileType = sourcecode.swift; path = MenuSection.swift; sourceTree = "<group>"; };
		A168A1732558FA5D0036A72E /* DoneTaskTableViewCotroller.swift */ = {isa = PBXFileReference; lastKnownFileType = sourcecode.swift; path = DoneTaskTableViewCotroller.swift; sourceTree = "<group>"; };
		A168A1762558FA930036A72E /* OngoingViewController.swift */ = {isa = PBXFileReference; lastKnownFileType = sourcecode.swift; path = OngoingViewController.swift; sourceTree = "<group>"; };
		A16D2DAD2567662F00716A93 /* NavigationManager.swift */ = {isa = PBXFileReference; lastKnownFileType = sourcecode.swift; path = NavigationManager.swift; sourceTree = "<group>"; };
		A16D2DB12567830100716A93 /* AuthManager.swift */ = {isa = PBXFileReference; lastKnownFileType = sourcecode.swift; path = AuthManager.swift; sourceTree = "<group>"; };
		A16D2DB42567940E00716A93 /* LoadingViewController.swift */ = {isa = PBXFileReference; lastKnownFileType = sourcecode.swift; path = LoadingViewController.swift; sourceTree = "<group>"; };
		A193536E25648D950011F0CC /* CalendarViewDelegate.swift */ = {isa = PBXFileReference; lastKnownFileType = sourcecode.swift; path = CalendarViewDelegate.swift; sourceTree = "<group>"; };
		A193537225648F0E0011F0CC /* Extension+Date.swift */ = {isa = PBXFileReference; lastKnownFileType = sourcecode.swift; path = "Extension+Date.swift"; sourceTree = "<group>"; };
		A19D4CB7255E073D008550D3 /* NewTaskVCDelegate.swift */ = {isa = PBXFileReference; lastKnownFileType = sourcecode.swift; path = NewTaskVCDelegate.swift; sourceTree = "<group>"; };
		A19D4CBA255E0E62008550D3 /* OngoingTaskTableViewCell.swift */ = {isa = PBXFileReference; lastKnownFileType = sourcecode.swift; path = OngoingTaskTableViewCell.swift; sourceTree = "<group>"; };
		A1A57E9F2559C4D3002D1F63 /* NewTaskViewController.swift */ = {isa = PBXFileReference; lastKnownFileType = sourcecode.swift; path = NewTaskViewController.swift; sourceTree = "<group>"; };
		A1FE425F256649C700FF4912 /* OnboardingViewController.swift */ = {isa = PBXFileReference; lastKnownFileType = sourcecode.swift; path = OnboardingViewController.swift; sourceTree = "<group>"; };
		A1FE426225664D8400FF4912 /* LoginViewController.swift */ = {isa = PBXFileReference; lastKnownFileType = sourcecode.swift; path = LoginViewController.swift; sourceTree = "<group>"; };
		A1FE426525664E2800FF4912 /* LoginVCDelegate.swift */ = {isa = PBXFileReference; lastKnownFileType = sourcecode.swift; path = LoginVCDelegate.swift; sourceTree = "<group>"; };
		A986D3E17403F2255FFB5924 /* Pods_IosToDoApp.framework */ = {isa = PBXFileReference; explicitFileType = wrapper.framework; includeInIndex = 0; path = Pods_IosToDoApp.framework; sourceTree = BUILT_PRODUCTS_DIR; };
/* End PBXFileReference section */

/* Begin PBXFrameworksBuildPhase section */
		A168A1362558EFFD0036A72E /* Frameworks */ = {
			isa = PBXFrameworksBuildPhase;
			buildActionMask = 2147483647;
			files = (
				2AB02141C8089E8D6B7BAF8D /* Pods_IosToDoApp.framework in Frameworks */,
			);
			runOnlyForDeploymentPostprocessing = 0;
		};
/* End PBXFrameworksBuildPhase section */

/* Begin PBXGroup section */
		2C54CD67ECD07EB124D046F9 /* Frameworks */ = {
			isa = PBXGroup;
			children = (
				A986D3E17403F2255FFB5924 /* Pods_IosToDoApp.framework */,
			);
			name = Frameworks;
			sourceTree = "<group>";
		};
		A11A1A84255B9D0C0022FE6B /* Services */ = {
			isa = PBXGroup;
			children = (
				A11A1A85255B9D2F0022FE6B /* DatabaseManager.swift */,
				A16D2DAD2567662F00716A93 /* NavigationManager.swift */,
				A16D2DB12567830100716A93 /* AuthManager.swift */,
			);
			path = Services;
			sourceTree = "<group>";
		};
		A168A1302558EFFD0036A72E = {
			isa = PBXGroup;
			children = (
				A168A1512558F0FC0036A72E /* Podfile */,
				A168A13B2558EFFD0036A72E /* IosToDoApp */,
				A168A13A2558EFFD0036A72E /* Products */,
				FC87716B91DCF602A6E9BC07 /* Pods */,
				2C54CD67ECD07EB124D046F9 /* Frameworks */,
			);
			sourceTree = "<group>";
		};
		A168A13A2558EFFD0036A72E /* Products */ = {
			isa = PBXGroup;
			children = (
				A168A1392558EFFD0036A72E /* IosToDoApp.app */,
			);
			name = Products;
			sourceTree = "<group>";
		};
		A168A13B2558EFFD0036A72E /* IosToDoApp */ = {
			isa = PBXGroup;
			children = (
				A168A13C2558EFFD0036A72E /* AppDelegate.swift */,
				A168A13E2558EFFD0036A72E /* SceneDelegate.swift */,
				A193537125648EFA0011F0CC /* Extensions */,
				A19D4CB6255E071B008550D3 /* Protcols */,
				A11A1A84255B9D0C0022FE6B /* Services */,
				A168A16B2558F4600036A72E /* Models */,
				A168A1702558F4BB0036A72E /* Controllers */,
				A168A1792558FE340036A72E /* Views */,
				A168A1452558EFFD0036A72E /* Assets.xcassets */,
				A168A1472558EFFD0036A72E /* LaunchScreen.storyboard */,
				A168A14A2558EFFE0036A72E /* Info.plist */,
				A11A1A7E255B99150022FE6B /* GoogleService-Info.plist */,
			);
			path = IosToDoApp;
			sourceTree = "<group>";
		};
		A168A16B2558F4600036A72E /* Models */ = {
			isa = PBXGroup;
			children = (
				A168A16C2558F46E0036A72E /* MenuSection.swift */,
				A11A1A81255B9C630022FE6B /* Task.swift */,
			);
			path = Models;
			sourceTree = "<group>";
		};
		A168A1702558F4BB0036A72E /* Controllers */ = {
			isa = PBXGroup;
			children = (
				A168A1402558EFFD0036A72E /* TasksViewController.swift */,
				A168A1732558FA5D0036A72E /* DoneTaskTableViewCotroller.swift */,
				A168A1762558FA930036A72E /* OngoingViewController.swift */,
				A1A57E9F2559C4D3002D1F63 /* NewTaskViewController.swift */,
				A1FE425F256649C700FF4912 /* OnboardingViewController.swift */,
				A1FE426225664D8400FF4912 /* LoginViewController.swift */,
				A16D2DB42567940E00716A93 /* LoadingViewController.swift */,
			);
			path = Controllers;
			sourceTree = "<group>";
		};
		A168A1792558FE340036A72E /* Views */ = {
			isa = PBXGroup;
			children = (
				A168A1422558EFFD0036A72E /* Main.storyboard */,
				A19D4CBA255E0E62008550D3 /* OngoingTaskTableViewCell.swift */,
				A129B3F2256332CB00AA6EBE /* DoneTaskTableViewCell.swift */,
				A129B3F825637F0F00AA6EBE /* CalendarView.swift */,
			);
			path = Views;
			sourceTree = "<group>";
		};
		A193537125648EFA0011F0CC /* Extensions */ = {
			isa = PBXGroup;
			children = (
				A193537225648F0E0011F0CC /* Extension+Date.swift */,
			);
			path = Extensions;
			sourceTree = "<group>";
		};
		A19D4CB6255E071B008550D3 /* Protcols */ = {
			isa = PBXGroup;
			children = (
				A19D4CB7255E073D008550D3 /* NewTaskVCDelegate.swift */,
				A129B3F5256338E800AA6EBE /* Animatable.swift */,
				A193536E25648D950011F0CC /* CalendarViewDelegate.swift */,
				A1FE426525664E2800FF4912 /* LoginVCDelegate.swift */,
			);
			path = Protcols;
			sourceTree = "<group>";
		};
		FC87716B91DCF602A6E9BC07 /* Pods */ = {
			isa = PBXGroup;
			children = (
				58A50505535F5EB6C448DE39 /* Pods-IosToDoApp.debug.xcconfig */,
				7C3243B7220AC7E986864D02 /* Pods-IosToDoApp.release.xcconfig */,
			);
			path = Pods;
			sourceTree = "<group>";
		};
/* End PBXGroup section */

/* Begin PBXNativeTarget section */
		A168A1382558EFFD0036A72E /* IosToDoApp */ = {
			isa = PBXNativeTarget;
			buildConfigurationList = A168A14D2558EFFE0036A72E /* Build configuration list for PBXNativeTarget "IosToDoApp" */;
			buildPhases = (
				3914AC302AC425A20E4E2208 /* [CP] Check Pods Manifest.lock */,
				A168A1352558EFFD0036A72E /* Sources */,
				A168A1362558EFFD0036A72E /* Frameworks */,
				A168A1372558EFFD0036A72E /* Resources */,
				D67323C2CA482AE741DD6766 /* [CP] Embed Pods Frameworks */,
			);
			buildRules = (
			);
			dependencies = (
			);
			name = IosToDoApp;
			productName = IosToDoApp;
			productReference = A168A1392558EFFD0036A72E /* IosToDoApp.app */;
			productType = "com.apple.product-type.application";
		};
/* End PBXNativeTarget section */

/* Begin PBXProject section */
		A168A1312558EFFD0036A72E /* Project object */ = {
			isa = PBXProject;
			attributes = {
				LastSwiftUpdateCheck = 1210;
				LastUpgradeCheck = 1210;
				TargetAttributes = {
					A168A1382558EFFD0036A72E = {
						CreatedOnToolsVersion = 12.1;
					};
				};
			};
			buildConfigurationList = A168A1342558EFFD0036A72E /* Build configuration list for PBXProject "IosToDoApp" */;
			compatibilityVersion = "Xcode 9.3";
			developmentRegion = en;
			hasScannedForEncodings = 0;
			knownRegions = (
				en,
				Base,
			);
			mainGroup = A168A1302558EFFD0036A72E;
			productRefGroup = A168A13A2558EFFD0036A72E /* Products */;
			projectDirPath = "";
			projectRoot = "";
			targets = (
				A168A1382558EFFD0036A72E /* IosToDoApp */,
			);
		};
/* End PBXProject section */

/* Begin PBXResourcesBuildPhase section */
		A168A1372558EFFD0036A72E /* Resources */ = {
			isa = PBXResourcesBuildPhase;
			buildActionMask = 2147483647;
			files = (
				A168A1492558EFFD0036A72E /* LaunchScreen.storyboard in Resources */,
				A168A1462558EFFD0036A72E /* Assets.xcassets in Resources */,
				A11A1A7F255B99150022FE6B /* GoogleService-Info.plist in Resources */,
				A168A1522558F0FC0036A72E /* Podfile in Resources */,
				A168A1442558EFFD0036A72E /* Main.storyboard in Resources */,
			);
			runOnlyForDeploymentPostprocessing = 0;
		};
/* End PBXResourcesBuildPhase section */

/* Begin PBXShellScriptBuildPhase section */
		3914AC302AC425A20E4E2208 /* [CP] Check Pods Manifest.lock */ = {
			isa = PBXShellScriptBuildPhase;
			buildActionMask = 2147483647;
			files = (
			);
			inputFileListPaths = (
			);
			inputPaths = (
				"${PODS_PODFILE_DIR_PATH}/Podfile.lock",
				"${PODS_ROOT}/Manifest.lock",
			);
			name = "[CP] Check Pods Manifest.lock";
			outputFileListPaths = (
			);
			outputPaths = (
				"$(DERIVED_FILE_DIR)/Pods-IosToDoApp-checkManifestLockResult.txt",
			);
			runOnlyForDeploymentPostprocessing = 0;
			shellPath = /bin/sh;
			shellScript = "diff \"${PODS_PODFILE_DIR_PATH}/Podfile.lock\" \"${PODS_ROOT}/Manifest.lock\" > /dev/null\nif [ $? != 0 ] ; then\n    # print error to STDERR\n    echo \"error: The sandbox is not in sync with the Podfile.lock. Run 'pod install' or update your CocoaPods installation.\" >&2\n    exit 1\nfi\n# This output is used by Xcode 'outputs' to avoid re-running this script phase.\necho \"SUCCESS\" > \"${SCRIPT_OUTPUT_FILE_0}\"\n";
			showEnvVarsInLog = 0;
		};
		D67323C2CA482AE741DD6766 /* [CP] Embed Pods Frameworks */ = {
			isa = PBXShellScriptBuildPhase;
			buildActionMask = 2147483647;
			files = (
			);
			inputFileListPaths = (
				"${PODS_ROOT}/Target Support Files/Pods-IosToDoApp/Pods-IosToDoApp-frameworks-${CONFIGURATION}-input-files.xcfilelist",
			);
			name = "[CP] Embed Pods Frameworks";
			outputFileListPaths = (
				"${PODS_ROOT}/Target Support Files/Pods-IosToDoApp/Pods-IosToDoApp-frameworks-${CONFIGURATION}-output-files.xcfilelist",
			);
			runOnlyForDeploymentPostprocessing = 0;
			shellPath = /bin/sh;
			shellScript = "\"${PODS_ROOT}/Target Support Files/Pods-IosToDoApp/Pods-IosToDoApp-frameworks.sh\"\n";
			showEnvVarsInLog = 0;
		};
/* End PBXShellScriptBuildPhase section */

/* Begin PBXSourcesBuildPhase section */
		A168A1352558EFFD0036A72E /* Sources */ = {
			isa = PBXSourcesBuildPhase;
			buildActionMask = 2147483647;
			files = (
				A1FE426325664D8400FF4912 /* LoginViewController.swift in Sources */,
				A16D2DB22567830100716A93 /* AuthManager.swift in Sources */,
				A19D4CBB255E0E62008550D3 /* OngoingTaskTableViewCell.swift in Sources */,
				A19D4CB8255E073D008550D3 /* NewTaskVCDelegate.swift in Sources */,
				A11A1A82255B9C630022FE6B /* Task.swift in Sources */,
				A1FE4260256649C700FF4912 /* OnboardingViewController.swift in Sources */,
				A193536F25648D960011F0CC /* CalendarViewDelegate.swift in Sources */,
				A168A1772558FA930036A72E /* OngoingViewController.swift in Sources */,
				A193537325648F0E0011F0CC /* Extension+Date.swift in Sources */,
				A1A57EA02559C4D3002D1F63 /* NewTaskViewController.swift in Sources */,
				A16D2DAE2567662F00716A93 /* NavigationManager.swift in Sources */,
				A168A1412558EFFD0036A72E /* TasksViewController.swift in Sources */,
				A1FE426625664E2800FF4912 /* LoginVCDelegate.swift in Sources */,
				A168A13D2558EFFD0036A72E /* AppDelegate.swift in Sources */,
				A168A1742558FA5D0036A72E /* DoneTaskTableViewCotroller.swift in Sources */,
				A168A16D2558F46E0036A72E /* MenuSection.swift in Sources */,
				A168A13F2558EFFD0036A72E /* SceneDelegate.swift in Sources */,
				A129B3F6256338E800AA6EBE /* Animatable.swift in Sources */,
				A129B3F3256332CB00AA6EBE /* DoneTaskTableViewCell.swift in Sources */,
				A16D2DB52567940E00716A93 /* LoadingViewController.swift in Sources */,
				A11A1A86255B9D2F0022FE6B /* DatabaseManager.swift in Sources */,
				A129B3F925637F0F00AA6EBE /* CalendarView.swift in Sources */,
			);
			runOnlyForDeploymentPostprocessing = 0;
		};
/* End PBXSourcesBuildPhase section */

/* Begin PBXVariantGroup section */
		A168A1422558EFFD0036A72E /* Main.storyboard */ = {
			isa = PBXVariantGroup;
			children = (
				A168A1432558EFFD0036A72E /* Base */,
			);
			name = Main.storyboard;
			sourceTree = "<group>";
		};
		A168A1472558EFFD0036A72E /* LaunchScreen.storyboard */ = {
			isa = PBXVariantGroup;
			children = (
				A168A1482558EFFD0036A72E /* Base */,
			);
			name = LaunchScreen.storyboard;
			sourceTree = "<group>";
		};
/* End PBXVariantGroup section */

/* Begin XCBuildConfiguration section */
		A168A14B2558EFFE0036A72E /* Debug */ = {
			isa = XCBuildConfiguration;
			buildSettings = {
				ALWAYS_SEARCH_USER_PATHS = NO;
				CLANG_ANALYZER_NONNULL = YES;
				CLANG_ANALYZER_NUMBER_OBJECT_CONVERSION = YES_AGGRESSIVE;
				CLANG_CXX_LANGUAGE_STANDARD = "gnu++14";
				CLANG_CXX_LIBRARY = "libc++";
				CLANG_ENABLE_MODULES = YES;
				CLANG_ENABLE_OBJC_ARC = YES;
				CLANG_ENABLE_OBJC_WEAK = YES;
				CLANG_WARN_BLOCK_CAPTURE_AUTORELEASING = YES;
				CLANG_WARN_BOOL_CONVERSION = YES;
				CLANG_WARN_COMMA = YES;
				CLANG_WARN_CONSTANT_CONVERSION = YES;
				CLANG_WARN_DEPRECATED_OBJC_IMPLEMENTATIONS = YES;
				CLANG_WARN_DIRECT_OBJC_ISA_USAGE = YES_ERROR;
				CLANG_WARN_DOCUMENTATION_COMMENTS = YES;
				CLANG_WARN_EMPTY_BODY = YES;
				CLANG_WARN_ENUM_CONVERSION = YES;
				CLANG_WARN_INFINITE_RECURSION = YES;
				CLANG_WARN_INT_CONVERSION = YES;
				CLANG_WARN_NON_LITERAL_NULL_CONVERSION = YES;
				CLANG_WARN_OBJC_IMPLICIT_RETAIN_SELF = YES;
				CLANG_WARN_OBJC_LITERAL_CONVERSION = YES;
				CLANG_WARN_OBJC_ROOT_CLASS = YES_ERROR;
				CLANG_WARN_QUOTED_INCLUDE_IN_FRAMEWORK_HEADER = YES;
				CLANG_WARN_RANGE_LOOP_ANALYSIS = YES;
				CLANG_WARN_STRICT_PROTOTYPES = YES;
				CLANG_WARN_SUSPICIOUS_MOVE = YES;
				CLANG_WARN_UNGUARDED_AVAILABILITY = YES_AGGRESSIVE;
				CLANG_WARN_UNREACHABLE_CODE = YES;
				CLANG_WARN__DUPLICATE_METHOD_MATCH = YES;
				COPY_PHASE_STRIP = NO;
				DEBUG_INFORMATION_FORMAT = dwarf;
				ENABLE_STRICT_OBJC_MSGSEND = YES;
				ENABLE_TESTABILITY = YES;
				GCC_C_LANGUAGE_STANDARD = gnu11;
				GCC_DYNAMIC_NO_PIC = NO;
				GCC_NO_COMMON_BLOCKS = YES;
				GCC_OPTIMIZATION_LEVEL = 0;
				GCC_PREPROCESSOR_DEFINITIONS = (
					"DEBUG=1",
					"$(inherited)",
				);
				GCC_WARN_64_TO_32_BIT_CONVERSION = YES;
				GCC_WARN_ABOUT_RETURN_TYPE = YES_ERROR;
				GCC_WARN_UNDECLARED_SELECTOR = YES;
				GCC_WARN_UNINITIALIZED_AUTOS = YES_AGGRESSIVE;
				GCC_WARN_UNUSED_FUNCTION = YES;
				GCC_WARN_UNUSED_VARIABLE = YES;
				IPHONEOS_DEPLOYMENT_TARGET = 14.1;
				MTL_ENABLE_DEBUG_INFO = INCLUDE_SOURCE;
				MTL_FAST_MATH = YES;
				ONLY_ACTIVE_ARCH = YES;
				SDKROOT = iphoneos;
				SWIFT_ACTIVE_COMPILATION_CONDITIONS = DEBUG;
				SWIFT_OPTIMIZATION_LEVEL = "-Onone";
			};
			name = Debug;
		};
		A168A14C2558EFFE0036A72E /* Release */ = {
			isa = XCBuildConfiguration;
			buildSettings = {
				ALWAYS_SEARCH_USER_PATHS = NO;
				CLANG_ANALYZER_NONNULL = YES;
				CLANG_ANALYZER_NUMBER_OBJECT_CONVERSION = YES_AGGRESSIVE;
				CLANG_CXX_LANGUAGE_STANDARD = "gnu++14";
				CLANG_CXX_LIBRARY = "libc++";
				CLANG_ENABLE_MODULES = YES;
				CLANG_ENABLE_OBJC_ARC = YES;
				CLANG_ENABLE_OBJC_WEAK = YES;
				CLANG_WARN_BLOCK_CAPTURE_AUTORELEASING = YES;
				CLANG_WARN_BOOL_CONVERSION = YES;
				CLANG_WARN_COMMA = YES;
				CLANG_WARN_CONSTANT_CONVERSION = YES;
				CLANG_WARN_DEPRECATED_OBJC_IMPLEMENTATIONS = YES;
				CLANG_WARN_DIRECT_OBJC_ISA_USAGE = YES_ERROR;
				CLANG_WARN_DOCUMENTATION_COMMENTS = YES;
				CLANG_WARN_EMPTY_BODY = YES;
				CLANG_WARN_ENUM_CONVERSION = YES;
				CLANG_WARN_INFINITE_RECURSION = YES;
				CLANG_WARN_INT_CONVERSION = YES;
				CLANG_WARN_NON_LITERAL_NULL_CONVERSION = YES;
				CLANG_WARN_OBJC_IMPLICIT_RETAIN_SELF = YES;
				CLANG_WARN_OBJC_LITERAL_CONVERSION = YES;
				CLANG_WARN_OBJC_ROOT_CLASS = YES_ERROR;
				CLANG_WARN_QUOTED_INCLUDE_IN_FRAMEWORK_HEADER = YES;
				CLANG_WARN_RANGE_LOOP_ANALYSIS = YES;
				CLANG_WARN_STRICT_PROTOTYPES = YES;
				CLANG_WARN_SUSPICIOUS_MOVE = YES;
				CLANG_WARN_UNGUARDED_AVAILABILITY = YES_AGGRESSIVE;
				CLANG_WARN_UNREACHABLE_CODE = YES;
				CLANG_WARN__DUPLICATE_METHOD_MATCH = YES;
				COPY_PHASE_STRIP = NO;
				DEBUG_INFORMATION_FORMAT = "dwarf-with-dsym";
				ENABLE_NS_ASSERTIONS = NO;
				ENABLE_STRICT_OBJC_MSGSEND = YES;
				GCC_C_LANGUAGE_STANDARD = gnu11;
				GCC_NO_COMMON_BLOCKS = YES;
				GCC_WARN_64_TO_32_BIT_CONVERSION = YES;
				GCC_WARN_ABOUT_RETURN_TYPE = YES_ERROR;
				GCC_WARN_UNDECLARED_SELECTOR = YES;
				GCC_WARN_UNINITIALIZED_AUTOS = YES_AGGRESSIVE;
				GCC_WARN_UNUSED_FUNCTION = YES;
				GCC_WARN_UNUSED_VARIABLE = YES;
				IPHONEOS_DEPLOYMENT_TARGET = 14.1;
				MTL_ENABLE_DEBUG_INFO = NO;
				MTL_FAST_MATH = YES;
				SDKROOT = iphoneos;
				SWIFT_COMPILATION_MODE = wholemodule;
				SWIFT_OPTIMIZATION_LEVEL = "-O";
				VALIDATE_PRODUCT = YES;
			};
			name = Release;
		};
		A168A14E2558EFFE0036A72E /* Debug */ = {
			isa = XCBuildConfiguration;
			baseConfigurationReference = 58A50505535F5EB6C448DE39 /* Pods-IosToDoApp.debug.xcconfig */;
			buildSettings = {
				ASSETCATALOG_COMPILER_APPICON_NAME = AppIcon;
				ASSETCATALOG_COMPILER_GLOBAL_ACCENT_COLOR_NAME = AccentColor;
				CODE_SIGN_STYLE = Automatic;
				DEVELOPMENT_TEAM = 33SF7T346J;
				INFOPLIST_FILE = IosToDoApp/Info.plist;
				LD_RUNPATH_SEARCH_PATHS = (
					"$(inherited)",
					"@executable_path/Frameworks",
				);
				PRODUCT_BUNDLE_IDENTIFIER = com.podlodki.IosToDoApp;
				PRODUCT_NAME = "$(TARGET_NAME)";
				SWIFT_VERSION = 5.0;
				TARGETED_DEVICE_FAMILY = "1,2";
			};
			name = Debug;
		};
		A168A14F2558EFFE0036A72E /* Release */ = {
			isa = XCBuildConfiguration;
			baseConfigurationReference = 7C3243B7220AC7E986864D02 /* Pods-IosToDoApp.release.xcconfig */;
			buildSettings = {
				ASSETCATALOG_COMPILER_APPICON_NAME = AppIcon;
				ASSETCATALOG_COMPILER_GLOBAL_ACCENT_COLOR_NAME = AccentColor;
				CODE_SIGN_STYLE = Automatic;
				DEVELOPMENT_TEAM = 33SF7T346J;
				INFOPLIST_FILE = IosToDoApp/Info.plist;
				LD_RUNPATH_SEARCH_PATHS = (
					"$(inherited)",
					"@executable_path/Frameworks",
				);
				PRODUCT_BUNDLE_IDENTIFIER = com.podlodki.IosToDoApp;
				PRODUCT_NAME = "$(TARGET_NAME)";
				SWIFT_VERSION = 5.0;
				TARGETED_DEVICE_FAMILY = "1,2";
			};
			name = Release;
		};
/* End XCBuildConfiguration section */

/* Begin XCConfigurationList section */
		A168A1342558EFFD0036A72E /* Build configuration list for PBXProject "IosToDoApp" */ = {
			isa = XCConfigurationList;
			buildConfigurations = (
				A168A14B2558EFFE0036A72E /* Debug */,
				A168A14C2558EFFE0036A72E /* Release */,
			);
			defaultConfigurationIsVisible = 0;
			defaultConfigurationName = Release;
		};
		A168A14D2558EFFE0036A72E /* Build configuration list for PBXNativeTarget "IosToDoApp" */ = {
			isa = XCConfigurationList;
			buildConfigurations = (
				A168A14E2558EFFE0036A72E /* Debug */,
				A168A14F2558EFFE0036A72E /* Release */,
			);
			defaultConfigurationIsVisible = 0;
			defaultConfigurationName = Release;
		};
/* End XCConfigurationList section */
	};
	rootObject = A168A1312558EFFD0036A72E /* Project object */;
}
